// !$*UTF8*$!
{
	archiveVersion = 1;
	classes = {
	};
	objectVersion = 51;
	objects = {

/* Begin PBXBuildFile section */
		DC0A500427D251D600A1F9D0 /* Networking.swift in Sources */ = {isa = PBXBuildFile; fileRef = DC0A500327D251D600A1F9D0 /* Networking.swift */; };
		DC219F3927D24B3C00EC7501 /* AppDelegate.swift in Sources */ = {isa = PBXBuildFile; fileRef = DC219F3827D24B3C00EC7501 /* AppDelegate.swift */; };
		DC219F3B27D24B3C00EC7501 /* SceneDelegate.swift in Sources */ = {isa = PBXBuildFile; fileRef = DC219F3A27D24B3C00EC7501 /* SceneDelegate.swift */; };
		DC219F4227D24B3D00EC7501 /* Assets.xcassets in Resources */ = {isa = PBXBuildFile; fileRef = DC219F4127D24B3D00EC7501 /* Assets.xcassets */; };
		DC219F4527D24B3D00EC7501 /* LaunchScreen.storyboard in Resources */ = {isa = PBXBuildFile; fileRef = DC219F4327D24B3D00EC7501 /* LaunchScreen.storyboard */; };
		DC219F5327D24B7000EC7501 /* about.storyboard in Resources */ = {isa = PBXBuildFile; fileRef = DC219F4C27D24B7000EC7501 /* about.storyboard */; };
		DC219F5427D24B7000EC7501 /* developer.storyboard in Resources */ = {isa = PBXBuildFile; fileRef = DC219F4D27D24B7000EC7501 /* developer.storyboard */; };
		DC219F5527D24B7000EC7501 /* random.storyboard in Resources */ = {isa = PBXBuildFile; fileRef = DC219F4E27D24B7000EC7501 /* random.storyboard */; };
		DC219F5627D24B7000EC7501 /* lastLessons.storyboard in Resources */ = {isa = PBXBuildFile; fileRef = DC219F4F27D24B7000EC7501 /* lastLessons.storyboard */; };
		DC219F5727D24B7000EC7501 /* lessons.storyboard in Resources */ = {isa = PBXBuildFile; fileRef = DC219F5027D24B7000EC7501 /* lessons.storyboard */; };
		DC219F5827D24B7000EC7501 /* Main.storyboard in Resources */ = {isa = PBXBuildFile; fileRef = DC219F5127D24B7000EC7501 /* Main.storyboard */; };
		DC219F6327D24C0200EC7501 /* lastLessonsVC.swift in Sources */ = {isa = PBXBuildFile; fileRef = DC219F5C27D24C0100EC7501 /* lastLessonsVC.swift */; };
		DC219F6427D24C0200EC7501 /* lessonsVC.swift in Sources */ = {isa = PBXBuildFile; fileRef = DC219F5D27D24C0200EC7501 /* lessonsVC.swift */; };
		DC219F6527D24C0200EC7501 /* randomVC.swift in Sources */ = {isa = PBXBuildFile; fileRef = DC219F5E27D24C0200EC7501 /* randomVC.swift */; };
		DC219F6627D24C0200EC7501 /* HomepageVC.swift in Sources */ = {isa = PBXBuildFile; fileRef = DC219F5F27D24C0200EC7501 /* HomepageVC.swift */; };
		DC219F6727D24C0200EC7501 /* developerVC.swift in Sources */ = {isa = PBXBuildFile; fileRef = DC219F6027D24C0200EC7501 /* developerVC.swift */; };
		DC219F6927D24C0200EC7501 /* aboutVC.swift in Sources */ = {isa = PBXBuildFile; fileRef = DC219F6227D24C0200EC7501 /* aboutVC.swift */; };
		DC219F6C27D24C2500EC7501 /* UIViewController-Extension.swift in Sources */ = {isa = PBXBuildFile; fileRef = DC219F6B27D24C2500EC7501 /* UIViewController-Extension.swift */; };
		DC33DD152802FE3300F5F000 /* Lessons.swift in Sources */ = {isa = PBXBuildFile; fileRef = DC33DD142802FE3300F5F000 /* Lessons.swift */; };
		DC33DD172806246F00F5F000 /* Router.swift in Sources */ = {isa = PBXBuildFile; fileRef = DC33DD162806246F00F5F000 /* Router.swift */; };
		DCA61D6227EC683600D6E27F /* lessonsTableViewCell.swift in Sources */ = {isa = PBXBuildFile; fileRef = DCA61D6127EC683600D6E27F /* lessonsTableViewCell.swift */; };
		DCF0B3F527ED2A7B00EFE416 /* lastLessonsTableViewCell.swift in Sources */ = {isa = PBXBuildFile; fileRef = DCF0B3F427ED2A7B00EFE416 /* lastLessonsTableViewCell.swift */; };
/* End PBXBuildFile section */

/* Begin PBXFileReference section */
		77D77F7381CAA0B592060FBE /* Pods-beeYouTuber.debug.xcconfig */ = {isa = PBXFileReference; includeInIndex = 1; lastKnownFileType = text.xcconfig; name = "Pods-beeYouTuber.debug.xcconfig"; path = "Target Support Files/Pods-beeYouTuber/Pods-beeYouTuber.debug.xcconfig"; sourceTree = "<group>"; };
		A58E7A94AFBEEAB21C01CD94 /* Pods-beeYouTuber.release.xcconfig */ = {isa = PBXFileReference; includeInIndex = 1; lastKnownFileType = text.xcconfig; name = "Pods-beeYouTuber.release.xcconfig"; path = "Target Support Files/Pods-beeYouTuber/Pods-beeYouTuber.release.xcconfig"; sourceTree = "<group>"; };
		DC0A500327D251D600A1F9D0 /* Networking.swift */ = {isa = PBXFileReference; lastKnownFileType = sourcecode.swift; path = Networking.swift; sourceTree = "<group>"; };
		DC219F3527D24B3C00EC7501 /* beeYouTuber.app */ = {isa = PBXFileReference; explicitFileType = wrapper.application; includeInIndex = 0; path = beeYouTuber.app; sourceTree = BUILT_PRODUCTS_DIR; };
		DC219F3827D24B3C00EC7501 /* AppDelegate.swift */ = {isa = PBXFileReference; lastKnownFileType = sourcecode.swift; path = AppDelegate.swift; sourceTree = "<group>"; };
		DC219F3A27D24B3C00EC7501 /* SceneDelegate.swift */ = {isa = PBXFileReference; lastKnownFileType = sourcecode.swift; path = SceneDelegate.swift; sourceTree = "<group>"; };
		DC219F4127D24B3D00EC7501 /* Assets.xcassets */ = {isa = PBXFileReference; lastKnownFileType = folder.assetcatalog; path = Assets.xcassets; sourceTree = "<group>"; };
		DC219F4427D24B3D00EC7501 /* Base */ = {isa = PBXFileReference; lastKnownFileType = file.storyboard; name = Base; path = Base.lproj/LaunchScreen.storyboard; sourceTree = "<group>"; };
		DC219F4627D24B3D00EC7501 /* Info.plist */ = {isa = PBXFileReference; lastKnownFileType = text.plist.xml; path = Info.plist; sourceTree = "<group>"; };
		DC219F4C27D24B7000EC7501 /* about.storyboard */ = {isa = PBXFileReference; fileEncoding = 4; lastKnownFileType = file.storyboard; path = about.storyboard; sourceTree = "<group>"; };
		DC219F4D27D24B7000EC7501 /* developer.storyboard */ = {isa = PBXFileReference; fileEncoding = 4; lastKnownFileType = file.storyboard; path = developer.storyboard; sourceTree = "<group>"; };
		DC219F4E27D24B7000EC7501 /* random.storyboard */ = {isa = PBXFileReference; fileEncoding = 4; lastKnownFileType = file.storyboard; path = random.storyboard; sourceTree = "<group>"; };
		DC219F4F27D24B7000EC7501 /* lastLessons.storyboard */ = {isa = PBXFileReference; fileEncoding = 4; lastKnownFileType = file.storyboard; path = lastLessons.storyboard; sourceTree = "<group>"; };
		DC219F5027D24B7000EC7501 /* lessons.storyboard */ = {isa = PBXFileReference; fileEncoding = 4; lastKnownFileType = file.storyboard; path = lessons.storyboard; sourceTree = "<group>"; };
		DC219F5127D24B7000EC7501 /* Main.storyboard */ = {isa = PBXFileReference; fileEncoding = 4; lastKnownFileType = file.storyboard; path = Main.storyboard; sourceTree = "<group>"; };
		DC219F5C27D24C0100EC7501 /* lastLessonsVC.swift */ = {isa = PBXFileReference; fileEncoding = 4; lastKnownFileType = sourcecode.swift; path = lastLessonsVC.swift; sourceTree = "<group>"; };
		DC219F5D27D24C0200EC7501 /* lessonsVC.swift */ = {isa = PBXFileReference; fileEncoding = 4; lastKnownFileType = sourcecode.swift; path = lessonsVC.swift; sourceTree = "<group>"; };
		DC219F5E27D24C0200EC7501 /* randomVC.swift */ = {isa = PBXFileReference; fileEncoding = 4; lastKnownFileType = sourcecode.swift; path = randomVC.swift; sourceTree = "<group>"; };
		DC219F5F27D24C0200EC7501 /* HomepageVC.swift */ = {isa = PBXFileReference; fileEncoding = 4; lastKnownFileType = sourcecode.swift; path = HomepageVC.swift; sourceTree = "<group>"; };
		DC219F6027D24C0200EC7501 /* developerVC.swift */ = {isa = PBXFileReference; fileEncoding = 4; lastKnownFileType = sourcecode.swift; path = developerVC.swift; sourceTree = "<group>"; };
		DC219F6227D24C0200EC7501 /* aboutVC.swift */ = {isa = PBXFileReference; fileEncoding = 4; lastKnownFileType = sourcecode.swift; path = aboutVC.swift; sourceTree = "<group>"; };
		DC219F6B27D24C2500EC7501 /* UIViewController-Extension.swift */ = {isa = PBXFileReference; fileEncoding = 4; lastKnownFileType = sourcecode.swift; path = "UIViewController-Extension.swift"; sourceTree = "<group>"; };
		DC33DD142802FE3300F5F000 /* Lessons.swift */ = {isa = PBXFileReference; lastKnownFileType = sourcecode.swift; path = Lessons.swift; sourceTree = "<group>"; };
		DC33DD162806246F00F5F000 /* Router.swift */ = {isa = PBXFileReference; lastKnownFileType = sourcecode.swift; path = Router.swift; sourceTree = "<group>"; };
		DCA61D6127EC683600D6E27F /* lessonsTableViewCell.swift */ = {isa = PBXFileReference; lastKnownFileType = sourcecode.swift; path = lessonsTableViewCell.swift; sourceTree = "<group>"; };
		DCF0B3F427ED2A7B00EFE416 /* lastLessonsTableViewCell.swift */ = {isa = PBXFileReference; lastKnownFileType = sourcecode.swift; path = lastLessonsTableViewCell.swift; sourceTree = "<group>"; };
/* End PBXFileReference section */

/* Begin PBXFrameworksBuildPhase section */
		DC219F3227D24B3C00EC7501 /* Frameworks */ = {
			isa = PBXFrameworksBuildPhase;
			buildActionMask = 2147483647;
			files = (
			);
			runOnlyForDeploymentPostprocessing = 0;
		};
/* End PBXFrameworksBuildPhase section */

/* Begin PBXGroup section */
		48707BD20F9A47221F3AE575 /* Frameworks */ = {
			isa = PBXGroup;
			children = (
			);
			name = Frameworks;
			sourceTree = "<group>";
		};
		5E68D5735E9898B84972EFE8 /* Pods */ = {
			isa = PBXGroup;
			children = (
				77D77F7381CAA0B592060FBE /* Pods-beeYouTuber.debug.xcconfig */,
				A58E7A94AFBEEAB21C01CD94 /* Pods-beeYouTuber.release.xcconfig */,
			);
			path = Pods;
			sourceTree = "<group>";
		};
		DC0A500227D251C700A1F9D0 /* Services */ = {
			isa = PBXGroup;
			children = (
				DC0A500327D251D600A1F9D0 /* Networking.swift */,
			);
			path = Services;
			sourceTree = "<group>";
		};
		DC219F2C27D24B3C00EC7501 = {
			isa = PBXGroup;
			children = (
				DC219F3727D24B3C00EC7501 /* beeYouTuber */,
				DC219F3627D24B3C00EC7501 /* Products */,
				5E68D5735E9898B84972EFE8 /* Pods */,
				48707BD20F9A47221F3AE575 /* Frameworks */,
			);
			sourceTree = "<group>";
		};
		DC219F3627D24B3C00EC7501 /* Products */ = {
			isa = PBXGroup;
			children = (
				DC219F3527D24B3C00EC7501 /* beeYouTuber.app */,
			);
			name = Products;
			sourceTree = "<group>";
		};
		DC219F3727D24B3C00EC7501 /* beeYouTuber */ = {
			isa = PBXGroup;
			children = (
				DC33DD132802FE2500F5F000 /* Model */,
				DC0A500227D251C700A1F9D0 /* Services */,
				DC219F6A27D24C1300EC7501 /* Extensions */,
				DC219F5B27D24BE200EC7501 /* ViewController */,
				DCE0D7B227ED339500E0758B /* Other */,
				DC219F4627D24B3D00EC7501 /* Info.plist */,
			);
			path = beeYouTuber;
			sourceTree = "<group>";
		};
		DC219F5B27D24BE200EC7501 /* ViewController */ = {
			isa = PBXGroup;
			children = (
				DC33DD182806255200F5F000 /* Home */,
				DC33DD192806255F00F5F000 /* Lesson */,
				DC33DD1A2806FA5500F5F000 /* lastLessons */,
				DC33DD1B2806FA8800F5F000 /* About */,
				DC33DD1C2806FA9E00F5F000 /* Random */,
				DC33DD1D2806FAB000F5F000 /* Developer */,
			);
			path = ViewController;
			sourceTree = "<group>";
		};
		DC219F6A27D24C1300EC7501 /* Extensions */ = {
			isa = PBXGroup;
			children = (
				DC219F6B27D24C2500EC7501 /* UIViewController-Extension.swift */,
			);
			path = Extensions;
			sourceTree = "<group>";
		};
		DC33DD132802FE2500F5F000 /* Model */ = {
			isa = PBXGroup;
			children = (
				DC33DD142802FE3300F5F000 /* Lessons.swift */,
			);
			path = Model;
			sourceTree = "<group>";
		};
		DC33DD182806255200F5F000 /* Home */ = {
			isa = PBXGroup;
			children = (
				DC219F5127D24B7000EC7501 /* Main.storyboard */,
				DC219F5F27D24C0200EC7501 /* HomepageVC.swift */,
			);
			path = Home;
			sourceTree = "<group>";
		};
		DC33DD192806255F00F5F000 /* Lesson */ = {
			isa = PBXGroup;
			children = (
				DCF0B3F627ED2F8900EFE416 /* lessonsCell */,
				DC219F5027D24B7000EC7501 /* lessons.storyboard */,
				DC219F5D27D24C0200EC7501 /* lessonsVC.swift */,
			);
			path = Lesson;
			sourceTree = "<group>";
		};
		DC33DD1A2806FA5500F5F000 /* lastLessons */ = {
			isa = PBXGroup;
			children = (
				DCF0B3F727ED2FAA00EFE416 /* lastLessonsCell */,
				DC219F5C27D24C0100EC7501 /* lastLessonsVC.swift */,
				DC219F4F27D24B7000EC7501 /* lastLessons.storyboard */,
			);
			path = lastLessons;
			sourceTree = "<group>";
		};
		DC33DD1B2806FA8800F5F000 /* About */ = {
			isa = PBXGroup;
			children = (
				DC219F4C27D24B7000EC7501 /* about.storyboard */,
				DC219F6227D24C0200EC7501 /* aboutVC.swift */,
			);
			path = About;
			sourceTree = "<group>";
		};
		DC33DD1C2806FA9E00F5F000 /* Random */ = {
			isa = PBXGroup;
			children = (
				DC219F4E27D24B7000EC7501 /* random.storyboard */,
				DC219F5E27D24C0200EC7501 /* randomVC.swift */,
			);
			path = Random;
			sourceTree = "<group>";
		};
		DC33DD1D2806FAB000F5F000 /* Developer */ = {
			isa = PBXGroup;
			children = (
				DC219F4D27D24B7000EC7501 /* developer.storyboard */,
				DC219F6027D24C0200EC7501 /* developerVC.swift */,
			);
			path = Developer;
			sourceTree = "<group>";
		};
		DCE0D7B227ED339500E0758B /* Other */ = {
			isa = PBXGroup;
			children = (
				DC219F3827D24B3C00EC7501 /* AppDelegate.swift */,
				DC219F3A27D24B3C00EC7501 /* SceneDelegate.swift */,
				DC219F4127D24B3D00EC7501 /* Assets.xcassets */,
				DC219F4327D24B3D00EC7501 /* LaunchScreen.storyboard */,
				DC33DD162806246F00F5F000 /* Router.swift */,
			);
			path = Other;
			sourceTree = "<group>";
		};
		DCF0B3F627ED2F8900EFE416 /* lessonsCell */ = {
			isa = PBXGroup;
			children = (
				DCA61D6127EC683600D6E27F /* lessonsTableViewCell.swift */,
			);
			path = lessonsCell;
			sourceTree = "<group>";
		};
		DCF0B3F727ED2FAA00EFE416 /* lastLessonsCell */ = {
			isa = PBXGroup;
			children = (
				DCF0B3F427ED2A7B00EFE416 /* lastLessonsTableViewCell.swift */,
			);
			path = lastLessonsCell;
			sourceTree = "<group>";
		};
/* End PBXGroup section */

/* Begin PBXNativeTarget section */
		DC219F3427D24B3C00EC7501 /* beeYouTuber */ = {
			isa = PBXNativeTarget;
			buildConfigurationList = DC219F4927D24B3D00EC7501 /* Build configuration list for PBXNativeTarget "beeYouTuber" */;
			buildPhases = (
				F41408C38C79B074D57EDC50 /* [CP] Check Pods Manifest.lock */,
				DC219F3127D24B3C00EC7501 /* Sources */,
				DC219F3227D24B3C00EC7501 /* Frameworks */,
				DC219F3327D24B3C00EC7501 /* Resources */,
				A6FA201F485BD3225DADBB38 /* [CP] Embed Pods Frameworks */,
			);
			buildRules = (
			);
			dependencies = (
			);
			name = beeYouTuber;
			productName = beeYouTuber;
			productReference = DC219F3527D24B3C00EC7501 /* beeYouTuber.app */;
			productType = "com.apple.product-type.application";
		};
/* End PBXNativeTarget section */

/* Begin PBXProject section */
		DC219F2D27D24B3C00EC7501 /* Project object */ = {
			isa = PBXProject;
			attributes = {
				LastSwiftUpdateCheck = 1250;
				LastUpgradeCheck = 1250;
				TargetAttributes = {
					DC219F3427D24B3C00EC7501 = {
						CreatedOnToolsVersion = 12.5.1;
					};
				};
			};
			buildConfigurationList = DC219F3027D24B3C00EC7501 /* Build configuration list for PBXProject "beeYouTuber" */;
			compatibilityVersion = "Xcode 9.3";
			developmentRegion = en;
			hasScannedForEncodings = 0;
			knownRegions = (
				en,
				Base,
			);
			mainGroup = DC219F2C27D24B3C00EC7501;
			productRefGroup = DC219F3627D24B3C00EC7501 /* Products */;
			projectDirPath = "";
			projectRoot = "";
			targets = (
				DC219F3427D24B3C00EC7501 /* beeYouTuber */,
			);
		};
/* End PBXProject section */

/* Begin PBXResourcesBuildPhase section */
		DC219F3327D24B3C00EC7501 /* Resources */ = {
			isa = PBXResourcesBuildPhase;
			buildActionMask = 2147483647;
			files = (
				DC219F5727D24B7000EC7501 /* lessons.storyboard in Resources */,
				DC219F4527D24B3D00EC7501 /* LaunchScreen.storyboard in Resources */,
				DC219F4227D24B3D00EC7501 /* Assets.xcassets in Resources */,
				DC219F5627D24B7000EC7501 /* lastLessons.storyboard in Resources */,
				DC219F5327D24B7000EC7501 /* about.storyboard in Resources */,
				DC219F5427D24B7000EC7501 /* developer.storyboard in Resources */,
				DC219F5827D24B7000EC7501 /* Main.storyboard in Resources */,
				DC219F5527D24B7000EC7501 /* random.storyboard in Resources */,
			);
			runOnlyForDeploymentPostprocessing = 0;
		};
/* End PBXResourcesBuildPhase section */

/* Begin PBXShellScriptBuildPhase section */
		A6FA201F485BD3225DADBB38 /* [CP] Embed Pods Frameworks */ = {
			isa = PBXShellScriptBuildPhase;
			buildActionMask = 2147483647;
			files = (
			);
			inputFileListPaths = (
				"${PODS_ROOT}/Target Support Files/Pods-beeYouTuber/Pods-beeYouTuber-frameworks-${CONFIGURATION}-input-files.xcfilelist",
			);
			name = "[CP] Embed Pods Frameworks";
			outputFileListPaths = (
				"${PODS_ROOT}/Target Support Files/Pods-beeYouTuber/Pods-beeYouTuber-frameworks-${CONFIGURATION}-output-files.xcfilelist",
			);
			runOnlyForDeploymentPostprocessing = 0;
			shellPath = /bin/sh;
			shellScript = "\"${PODS_ROOT}/Target Support Files/Pods-beeYouTuber/Pods-beeYouTuber-frameworks.sh\"\n";
			showEnvVarsInLog = 0;
		};
		F41408C38C79B074D57EDC50 /* [CP] Check Pods Manifest.lock */ = {
			isa = PBXShellScriptBuildPhase;
			buildActionMask = 2147483647;
			files = (
			);
			inputFileListPaths = (
			);
			inputPaths = (
				"${PODS_PODFILE_DIR_PATH}/Podfile.lock",
				"${PODS_ROOT}/Manifest.lock",
			);
			name = "[CP] Check Pods Manifest.lock";
			outputFileListPaths = (
			);
			outputPaths = (
				"$(DERIVED_FILE_DIR)/Pods-beeYouTuber-checkManifestLockResult.txt",
			);
			runOnlyForDeploymentPostprocessing = 0;
			shellPath = /bin/sh;
			shellScript = "diff \"${PODS_PODFILE_DIR_PATH}/Podfile.lock\" \"${PODS_ROOT}/Manifest.lock\" > /dev/null\nif [ $? != 0 ] ; then\n    # print error to STDERR\n    echo \"error: The sandbox is not in sync with the Podfile.lock. Run 'pod install' or update your CocoaPods installation.\" >&2\n    exit 1\nfi\n# This output is used by Xcode 'outputs' to avoid re-running this script phase.\necho \"SUCCESS\" > \"${SCRIPT_OUTPUT_FILE_0}\"\n";
			showEnvVarsInLog = 0;
		};
/* End PBXShellScriptBuildPhase section */

/* Begin PBXSourcesBuildPhase section */
		DC219F3127D24B3C00EC7501 /* Sources */ = {
			isa = PBXSourcesBuildPhase;
			buildActionMask = 2147483647;
			files = (
				DC219F3927D24B3C00EC7501 /* AppDelegate.swift in Sources */,
				DCA61D6227EC683600D6E27F /* lessonsTableViewCell.swift in Sources */,
				DC0A500427D251D600A1F9D0 /* Networking.swift in Sources */,
				DC219F6727D24C0200EC7501 /* developerVC.swift in Sources */,
				DC33DD152802FE3300F5F000 /* Lessons.swift in Sources */,
				DC219F6C27D24C2500EC7501 /* UIViewController-Extension.swift in Sources */,
				DC219F6527D24C0200EC7501 /* randomVC.swift in Sources */,
				DC219F3B27D24B3C00EC7501 /* SceneDelegate.swift in Sources */,
				DCF0B3F527ED2A7B00EFE416 /* lastLessonsTableViewCell.swift in Sources */,
				DC219F6427D24C0200EC7501 /* lessonsVC.swift in Sources */,
				DC33DD172806246F00F5F000 /* Router.swift in Sources */,
				DC219F6627D24C0200EC7501 /* HomepageVC.swift in Sources */,
				DC219F6927D24C0200EC7501 /* aboutVC.swift in Sources */,
				DC219F6327D24C0200EC7501 /* lastLessonsVC.swift in Sources */,
			);
			runOnlyForDeploymentPostprocessing = 0;
		};
/* End PBXSourcesBuildPhase section */

/* Begin PBXVariantGroup section */
		DC219F4327D24B3D00EC7501 /* LaunchScreen.storyboard */ = {
			isa = PBXVariantGroup;
			children = (
				DC219F4427D24B3D00EC7501 /* Base */,
			);
			name = LaunchScreen.storyboard;
			sourceTree = "<group>";
		};
/* End PBXVariantGroup section */

/* Begin XCBuildConfiguration section */
		DC219F4727D24B3D00EC7501 /* Debug */ = {
			isa = XCBuildConfiguration;
			buildSettings = {
				ALWAYS_SEARCH_USER_PATHS = NO;
				CLANG_ANALYZER_NONNULL = YES;
				CLANG_ANALYZER_NUMBER_OBJECT_CONVERSION = YES_AGGRESSIVE;
				CLANG_CXX_LANGUAGE_STANDARD = "gnu++14";
				CLANG_CXX_LIBRARY = "libc++";
				CLANG_ENABLE_MODULES = YES;
				CLANG_ENABLE_OBJC_ARC = YES;
				CLANG_ENABLE_OBJC_WEAK = YES;
				CLANG_WARN_BLOCK_CAPTURE_AUTORELEASING = YES;
				CLANG_WARN_BOOL_CONVERSION = YES;
				CLANG_WARN_COMMA = YES;
				CLANG_WARN_CONSTANT_CONVERSION = YES;
				CLANG_WARN_DEPRECATED_OBJC_IMPLEMENTATIONS = YES;
				CLANG_WARN_DIRECT_OBJC_ISA_USAGE = YES_ERROR;
				CLANG_WARN_DOCUMENTATION_COMMENTS = YES;
				CLANG_WARN_EMPTY_BODY = YES;
				CLANG_WARN_ENUM_CONVERSION = YES;
				CLANG_WARN_INFINITE_RECURSION = YES;
				CLANG_WARN_INT_CONVERSION = YES;
				CLANG_WARN_NON_LITERAL_NULL_CONVERSION = YES;
				CLANG_WARN_OBJC_IMPLICIT_RETAIN_SELF = YES;
				CLANG_WARN_OBJC_LITERAL_CONVERSION = YES;
				CLANG_WARN_OBJC_ROOT_CLASS = YES_ERROR;
				CLANG_WARN_QUOTED_INCLUDE_IN_FRAMEWORK_HEADER = YES;
				CLANG_WARN_RANGE_LOOP_ANALYSIS = YES;
				CLANG_WARN_STRICT_PROTOTYPES = YES;
				CLANG_WARN_SUSPICIOUS_MOVE = YES;
				CLANG_WARN_UNGUARDED_AVAILABILITY = YES_AGGRESSIVE;
				CLANG_WARN_UNREACHABLE_CODE = YES;
				CLANG_WARN__DUPLICATE_METHOD_MATCH = YES;
				COPY_PHASE_STRIP = NO;
				DEBUG_INFORMATION_FORMAT = dwarf;
				ENABLE_STRICT_OBJC_MSGSEND = YES;
				ENABLE_TESTABILITY = YES;
				GCC_C_LANGUAGE_STANDARD = gnu11;
				GCC_DYNAMIC_NO_PIC = NO;
				GCC_NO_COMMON_BLOCKS = YES;
				GCC_OPTIMIZATION_LEVEL = 0;
				GCC_PREPROCESSOR_DEFINITIONS = (
					"DEBUG=1",
					"$(inherited)",
				);
				GCC_WARN_64_TO_32_BIT_CONVERSION = YES;
				GCC_WARN_ABOUT_RETURN_TYPE = YES_ERROR;
				GCC_WARN_UNDECLARED_SELECTOR = YES;
				GCC_WARN_UNINITIALIZED_AUTOS = YES_AGGRESSIVE;
				GCC_WARN_UNUSED_FUNCTION = YES;
				GCC_WARN_UNUSED_VARIABLE = YES;
				IPHONEOS_DEPLOYMENT_TARGET = 14.5;
				MTL_ENABLE_DEBUG_INFO = INCLUDE_SOURCE;
				MTL_FAST_MATH = YES;
				ONLY_ACTIVE_ARCH = YES;
				SDKROOT = iphoneos;
				SWIFT_ACTIVE_COMPILATION_CONDITIONS = DEBUG;
				SWIFT_OPTIMIZATION_LEVEL = "-Onone";
			};
			name = Debug;
		};
		DC219F4827D24B3D00EC7501 /* Release */ = {
			isa = XCBuildConfiguration;
			buildSettings = {
				ALWAYS_SEARCH_USER_PATHS = NO;
				CLANG_ANALYZER_NONNULL = YES;
				CLANG_ANALYZER_NUMBER_OBJECT_CONVERSION = YES_AGGRESSIVE;
				CLANG_CXX_LANGUAGE_STANDARD = "gnu++14";
				CLANG_CXX_LIBRARY = "libc++";
				CLANG_ENABLE_MODULES = YES;
				CLANG_ENABLE_OBJC_ARC = YES;
				CLANG_ENABLE_OBJC_WEAK = YES;
				CLANG_WARN_BLOCK_CAPTURE_AUTORELEASING = YES;
				CLANG_WARN_BOOL_CONVERSION = YES;
				CLANG_WARN_COMMA = YES;
				CLANG_WARN_CONSTANT_CONVERSION = YES;
				CLANG_WARN_DEPRECATED_OBJC_IMPLEMENTATIONS = YES;
				CLANG_WARN_DIRECT_OBJC_ISA_USAGE = YES_ERROR;
				CLANG_WARN_DOCUMENTATION_COMMENTS = YES;
				CLANG_WARN_EMPTY_BODY = YES;
				CLANG_WARN_ENUM_CONVERSION = YES;
				CLANG_WARN_INFINITE_RECURSION = YES;
				CLANG_WARN_INT_CONVERSION = YES;
				CLANG_WARN_NON_LITERAL_NULL_CONVERSION = YES;
				CLANG_WARN_OBJC_IMPLICIT_RETAIN_SELF = YES;
				CLANG_WARN_OBJC_LITERAL_CONVERSION = YES;
				CLANG_WARN_OBJC_ROOT_CLASS = YES_ERROR;
				CLANG_WARN_QUOTED_INCLUDE_IN_FRAMEWORK_HEADER = YES;
				CLANG_WARN_RANGE_LOOP_ANALYSIS = YES;
				CLANG_WARN_STRICT_PROTOTYPES = YES;
				CLANG_WARN_SUSPICIOUS_MOVE = YES;
				CLANG_WARN_UNGUARDED_AVAILABILITY = YES_AGGRESSIVE;
				CLANG_WARN_UNREACHABLE_CODE = YES;
				CLANG_WARN__DUPLICATE_METHOD_MATCH = YES;
				COPY_PHASE_STRIP = NO;
				DEBUG_INFORMATION_FORMAT = "dwarf-with-dsym";
				ENABLE_NS_ASSERTIONS = NO;
				ENABLE_STRICT_OBJC_MSGSEND = YES;
				GCC_C_LANGUAGE_STANDARD = gnu11;
				GCC_NO_COMMON_BLOCKS = YES;
				GCC_WARN_64_TO_32_BIT_CONVERSION = YES;
				GCC_WARN_ABOUT_RETURN_TYPE = YES_ERROR;
				GCC_WARN_UNDECLARED_SELECTOR = YES;
				GCC_WARN_UNINITIALIZED_AUTOS = YES_AGGRESSIVE;
				GCC_WARN_UNUSED_FUNCTION = YES;
				GCC_WARN_UNUSED_VARIABLE = YES;
				IPHONEOS_DEPLOYMENT_TARGET = 14.5;
				MTL_ENABLE_DEBUG_INFO = NO;
				MTL_FAST_MATH = YES;
				SDKROOT = iphoneos;
				SWIFT_COMPILATION_MODE = wholemodule;
				SWIFT_OPTIMIZATION_LEVEL = "-O";
				VALIDATE_PRODUCT = YES;
			};
			name = Release;
		};
		DC219F4A27D24B3D00EC7501 /* Debug */ = {
			isa = XCBuildConfiguration;
			baseConfigurationReference = 77D77F7381CAA0B592060FBE /* Pods-beeYouTuber.debug.xcconfig */;
			buildSettings = {
				ASSETCATALOG_COMPILER_APPICON_NAME = AppIcon;
				ASSETCATALOG_COMPILER_GLOBAL_ACCENT_COLOR_NAME = AccentColor;
				CODE_SIGN_STYLE = Automatic;
				DEVELOPMENT_TEAM = ZUBBCB62N3;
				INFOPLIST_FILE = beeYouTuber/Info.plist;
				LD_RUNPATH_SEARCH_PATHS = (
					"$(inherited)",
					"@executable_path/Frameworks",
				);
				PRODUCT_BUNDLE_IDENTIFIER = com.furkanerzurumlu.beeYouTubers;
				PRODUCT_NAME = "$(TARGET_NAME)";
				SWIFT_VERSION = 5.0;
				TARGETED_DEVICE_FAMILY = "1,2";
			};
			name = Debug;
		};
		DC219F4B27D24B3D00EC7501 /* Release */ = {
			isa = XCBuildConfiguration;
			baseConfigurationReference = A58E7A94AFBEEAB21C01CD94 /* Pods-beeYouTuber.release.xcconfig */;
			buildSettings = {
				ASSETCATALOG_COMPILER_APPICON_NAME = AppIcon;
				ASSETCATALOG_COMPILER_GLOBAL_ACCENT_COLOR_NAME = AccentColor;
				CODE_SIGN_STYLE = Automatic;
				DEVELOPMENT_TEAM = ZUBBCB62N3;
				INFOPLIST_FILE = beeYouTuber/Info.plist;
				LD_RUNPATH_SEARCH_PATHS = (
					"$(inherited)",
					"@executable_path/Frameworks",
				);
				PRODUCT_BUNDLE_IDENTIFIER = com.furkanerzurumlu.beeYouTubers;
				PRODUCT_NAME = "$(TARGET_NAME)";
				SWIFT_VERSION = 5.0;
				TARGETED_DEVICE_FAMILY = "1,2";
			};
			name = Release;
		};
/* End XCBuildConfiguration section */

/* Begin XCConfigurationList section */
		DC219F3027D24B3C00EC7501 /* Build configuration list for PBXProject "beeYouTuber" */ = {
			isa = XCConfigurationList;
			buildConfigurations = (
				DC219F4727D24B3D00EC7501 /* Debug */,
				DC219F4827D24B3D00EC7501 /* Release */,
			);
			defaultConfigurationIsVisible = 0;
			defaultConfigurationName = Release;
		};
		DC219F4927D24B3D00EC7501 /* Build configuration list for PBXNativeTarget "beeYouTuber" */ = {
			isa = XCConfigurationList;
			buildConfigurations = (
				DC219F4A27D24B3D00EC7501 /* Debug */,
				DC219F4B27D24B3D00EC7501 /* Release */,
			);
			defaultConfigurationIsVisible = 0;
			defaultConfigurationName = Release;
		};
/* End XCConfigurationList section */
	};
	rootObject = DC219F2D27D24B3C00EC7501 /* Project object */;
}
